
Microsoft Visual Studio Solution File, Format Version 12.00
# Visual Studio Version 17
VisualStudioVersion = 17.0.32126.317
MinimumVisualStudioVersion = 10.0.40219.1
Project("{FAE04EC0-301F-11D3-BF4B-00C04F79EFBC}") = "EsquerdaVolver", "EsquerdaVolver\EsquerdaVolver.csproj", "{20B9316D-85DA-49F8-B3F8-9D8216ECCE46}"
EndProject
Global
	GlobalSection(SolutionConfigurationPlatforms) = preSolution
		Debug|Any CPU = Debug|Any CPU
		Release|Any CPU = Release|Any CPU
	EndGlobalSection
	GlobalSection(ProjectConfigurationPlatforms) = postSolution
		{20B9316D-85DA-49F8-B3F8-9D8216ECCE46}.Debug|Any CPU.ActiveCfg = Debug|Any CPU
		{20B9316D-85DA-49F8-B3F8-9D8216ECCE46}.Debug|Any CPU.Build.0 = Debug|Any CPU
		{20B9316D-85DA-49F8-B3F8-9D8216ECCE46}.Release|Any CPU.ActiveCfg = Release|Any CPU
		{20B9316D-85DA-49F8-B3F8-9D8216ECCE46}.Release|Any CPU.Build.0 = Release|Any CPU
	EndGlobalSection
	GlobalSection(SolutionProperties) = preSolution
		HideSolutionNode = FALSE
	EndGlobalSection
	GlobalSection(ExtensibilityGlobals) = postSolution
		SolutionGuid = {2B65F24A-540B-40DF-A27E-BC39C639204D}
	EndGlobalSection
EndGlobal
